
Microsoft Visual Studio Solution File, Format Version 12.00
# Visual Studio Version 17
VisualStudioVersion = 17.6.33815.320
MinimumVisualStudioVersion = 10.0.40219.1
Project("{FAE04EC0-301F-11D3-BF4B-00C04F79EFBC}") = "Deepcoc", "Deepcoc\Deepcoc.csproj", "{BE1D1E74-B16B-43D9-AC3D-3087FCFD97ED}"
EndProject
Global
	GlobalSection(SolutionConfigurationPlatforms) = preSolution
		Debug|Any CPU = Debug|Any CPU
		Debug|x64 = Debug|x64
		Release|Any CPU = Release|Any CPU
		Release|x64 = Release|x64
	EndGlobalSection
	GlobalSection(ProjectConfigurationPlatforms) = postSolution
		{BE1D1E74-B16B-43D9-AC3D-3087FCFD97ED}.Debug|Any CPU.ActiveCfg = Debug|Any CPU
		{BE1D1E74-B16B-43D9-AC3D-3087FCFD97ED}.Debug|Any CPU.Build.0 = Debug|Any CPU
		{BE1D1E74-B16B-43D9-AC3D-3087FCFD97ED}.Debug|x64.ActiveCfg = Debug|x64
		{BE1D1E74-B16B-43D9-AC3D-3087FCFD97ED}.Debug|x64.Build.0 = Debug|x64
		{BE1D1E74-B16B-43D9-AC3D-3087FCFD97ED}.Release|Any CPU.ActiveCfg = Release|Any CPU
		{BE1D1E74-B16B-43D9-AC3D-3087FCFD97ED}.Release|Any CPU.Build.0 = Release|Any CPU
		{BE1D1E74-B16B-43D9-AC3D-3087FCFD97ED}.Release|x64.ActiveCfg = Release|x64
		{BE1D1E74-B16B-43D9-AC3D-3087FCFD97ED}.Release|x64.Build.0 = Release|x64
	EndGlobalSection
	GlobalSection(SolutionProperties) = preSolution
		HideSolutionNode = FALSE
	EndGlobalSection
	GlobalSection(ExtensibilityGlobals) = postSolution
		SolutionGuid = {17D00678-29BF-4797-951A-410DDF367395}
	EndGlobalSection
EndGlobal
